
Microsoft Visual Studio Solution File, Format Version 12.00
# Visual Studio 15
VisualStudioVersion = 15.0.26430.16
MinimumVisualStudioVersion = 10.0.40219.1
Project("{FAE04EC0-301F-11D3-BF4B-00C04F79EFBC}") = "PbEditor", "PbEditor\PbEditor.csproj", "{66CB7650-9344-416A-B7F7-DCB6078E092F}"
EndProject
Project("{FAE04EC0-301F-11D3-BF4B-00C04F79EFBC}") = "PbEditor.Contracts", "PbEditor.Contracts\PbEditor.Contracts.csproj", "{CEE9D22E-599D-4649-9356-EEB00F0FB8CD}"
EndProject
Project("{FAE04EC0-301F-11D3-BF4B-00C04F79EFBC}") = "PbEditor.Convertor", "PbEditor.Convertor\PbEditor.Convertor.csproj", "{75447D6E-2373-4E69-B289-EA37C05D23BC}"
EndProject
Global
	GlobalSection(SolutionConfigurationPlatforms) = preSolution
		Debug|Any CPU = Debug|Any CPU
		Release|Any CPU = Release|Any CPU
	EndGlobalSection
	GlobalSection(ProjectConfigurationPlatforms) = postSolution
		{66CB7650-9344-416A-B7F7-DCB6078E092F}.Debug|Any CPU.ActiveCfg = Debug|Any CPU
		{66CB7650-9344-416A-B7F7-DCB6078E092F}.Debug|Any CPU.Build.0 = Debug|Any CPU
		{66CB7650-9344-416A-B7F7-DCB6078E092F}.Release|Any CPU.ActiveCfg = Release|Any CPU
		{66CB7650-9344-416A-B7F7-DCB6078E092F}.Release|Any CPU.Build.0 = Release|Any CPU
		{CEE9D22E-599D-4649-9356-EEB00F0FB8CD}.Debug|Any CPU.ActiveCfg = Debug|Any CPU
		{CEE9D22E-599D-4649-9356-EEB00F0FB8CD}.Debug|Any CPU.Build.0 = Debug|Any CPU
		{CEE9D22E-599D-4649-9356-EEB00F0FB8CD}.Release|Any CPU.ActiveCfg = Release|Any CPU
		{CEE9D22E-599D-4649-9356-EEB00F0FB8CD}.Release|Any CPU.Build.0 = Release|Any CPU
		{75447D6E-2373-4E69-B289-EA37C05D23BC}.Debug|Any CPU.ActiveCfg = Debug|Any CPU
		{75447D6E-2373-4E69-B289-EA37C05D23BC}.Debug|Any CPU.Build.0 = Debug|Any CPU
		{75447D6E-2373-4E69-B289-EA37C05D23BC}.Release|Any CPU.ActiveCfg = Release|Any CPU
		{75447D6E-2373-4E69-B289-EA37C05D23BC}.Release|Any CPU.Build.0 = Release|Any CPU
	EndGlobalSection
	GlobalSection(SolutionProperties) = preSolution
		HideSolutionNode = FALSE
	EndGlobalSection
EndGlobal
